// !$*UTF8*$!
{
	archiveVersion = 1;
	classes = {
	};
	objectVersion = 77;
	objects = {

/* Begin PBXBuildFile section */
		BD42D24E2DD3069E00059F07 /* LICENSE.md in Resources */ = {isa = PBXBuildFile; fileRef = BD42D24B2DD3069E00059F07 /* LICENSE.md */; };
		BD42D24F2DD3069E00059F07 /* logo-logindemo-app.png in Resources */ = {isa = PBXBuildFile; fileRef = BD42D24C2DD3069E00059F07 /* logo-logindemo-app.png */; };
		BD42D2502DD3069E00059F07 /* README.md in Resources */ = {isa = PBXBuildFile; fileRef = BD42D24D2DD3069E00059F07 /* README.md */; };
		BDBC80C32DF6F12F006B4E48 /* LoginDemoTestPlan.xctestplan in Resources */ = {isa = PBXBuildFile; fileRef = BDBC80C22DF6F12F006B4E48 /* LoginDemoTestPlan.xctestplan */; };
		BDBC80C62DF8185E006B4E48 /* CommonAccessibility in Frameworks */ = {isa = PBXBuildFile; productRef = BDBC80C52DF8185E006B4E48 /* CommonAccessibility */; };
		BDBC80C82DF81927006B4E48 /* CommonAccessibility in Frameworks */ = {isa = PBXBuildFile; productRef = BDBC80C72DF81927006B4E48 /* CommonAccessibility */; };
		BDBC80CA2DF81930006B4E48 /* CommonAccessibility in Frameworks */ = {isa = PBXBuildFile; productRef = BDBC80C92DF81930006B4E48 /* CommonAccessibility */; };
		BDE012F62DE1A0FC000DFC88 /* ViewInspector in Frameworks */ = {isa = PBXBuildFile; productRef = BDE012F52DE1A0FC000DFC88 /* ViewInspector */; };
		BDFDDB8E2DF6C36500FD1B6E /* CommonAccessibility in Frameworks */ = {isa = PBXBuildFile; productRef = BDFDDB8D2DF6C36500FD1B6E /* CommonAccessibility */; };
/* End PBXBuildFile section */

/* Begin PBXContainerItemProxy section */
		BD42C3E62DD50C700035B547 /* PBXContainerItemProxy */ = {
			isa = PBXContainerItemProxy;
			containerPortal = BDA0666C2DC6311100A807CD /* Project object */;
			proxyType = 1;
			remoteGlobalIDString = BDA066732DC6311100A807CD;
			remoteInfo = LoginDemo.SwiftUI;
		};
		BDCC796B2DE4C32800E57D53 /* PBXContainerItemProxy */ = {
			isa = PBXContainerItemProxy;
			containerPortal = BDA0666C2DC6311100A807CD /* Project object */;
			proxyType = 1;
			remoteGlobalIDString = BDA066732DC6311100A807CD;
			remoteInfo = LoginDemo.SwiftUI;
		};
/* End PBXContainerItemProxy section */

/* Begin PBXFileReference section */
		BD42C3E22DD50C700035B547 /* LoginDemo.SwiftUITests.xctest */ = {isa = PBXFileReference; explicitFileType = wrapper.cfbundle; includeInIndex = 0; path = LoginDemo.SwiftUITests.xctest; sourceTree = BUILT_PRODUCTS_DIR; };
		BD42D24B2DD3069E00059F07 /* LICENSE.md */ = {isa = PBXFileReference; lastKnownFileType = net.daringfireball.markdown; path = LICENSE.md; sourceTree = "<group>"; };
		BD42D24C2DD3069E00059F07 /* logo-logindemo-app.png */ = {isa = PBXFileReference; lastKnownFileType = image.png; path = "logo-logindemo-app.png"; sourceTree = "<group>"; };
		BD42D24D2DD3069E00059F07 /* README.md */ = {isa = PBXFileReference; lastKnownFileType = net.daringfireball.markdown; path = README.md; sourceTree = "<group>"; };
		BDA066742DC6311100A807CD /* LoginDemo.SwiftUI.app */ = {isa = PBXFileReference; explicitFileType = wrapper.application; includeInIndex = 0; path = LoginDemo.SwiftUI.app; sourceTree = BUILT_PRODUCTS_DIR; };
		BDBC80C22DF6F12F006B4E48 /* LoginDemoTestPlan.xctestplan */ = {isa = PBXFileReference; lastKnownFileType = text; name = LoginDemoTestPlan.xctestplan; path = TestPlan/LoginDemoTestPlan.xctestplan; sourceTree = "<group>"; };
		BDCC79652DE4C32800E57D53 /* LoginDemo.SwiftUIUITests.xctest */ = {isa = PBXFileReference; explicitFileType = wrapper.cfbundle; includeInIndex = 0; path = LoginDemo.SwiftUIUITests.xctest; sourceTree = BUILT_PRODUCTS_DIR; };
/* End PBXFileReference section */

/* Begin PBXFileSystemSynchronizedBuildFileExceptionSet section */
		BD022D312DF412F100B46720 /* Exceptions for "LoginDemo.SwiftUI" folder in "LoginDemo.SwiftUITests" target */ = {
			isa = PBXFileSystemSynchronizedBuildFileExceptionSet;
			membershipExceptions = (
				Extensions/Localizable.xcstrings,
			);
			target = BD42C3E12DD50C700035B547 /* LoginDemo.SwiftUITests */;
		};
/* End PBXFileSystemSynchronizedBuildFileExceptionSet section */

/* Begin PBXFileSystemSynchronizedRootGroup section */
		BD42C3E32DD50C700035B547 /* LoginDemo.SwiftUITests */ = {
			isa = PBXFileSystemSynchronizedRootGroup;
			path = LoginDemo.SwiftUITests;
			sourceTree = "<group>";
		};
		BDA066762DC6311100A807CD /* LoginDemo.SwiftUI */ = {
			isa = PBXFileSystemSynchronizedRootGroup;
			exceptions = (
				BD022D312DF412F100B46720 /* Exceptions for "LoginDemo.SwiftUI" folder in "LoginDemo.SwiftUITests" target */,
			);
			path = LoginDemo.SwiftUI;
			sourceTree = "<group>";
		};
		BDCC79662DE4C32800E57D53 /* LoginDemo.SwiftUIUITests */ = {
			isa = PBXFileSystemSynchronizedRootGroup;
			path = LoginDemo.SwiftUIUITests;
			sourceTree = "<group>";
		};
/* End PBXFileSystemSynchronizedRootGroup section */

/* Begin PBXFrameworksBuildPhase section */
		BD42C3DF2DD50C700035B547 /* Frameworks */ = {
			isa = PBXFrameworksBuildPhase;
			buildActionMask = 2147483647;
			files = (
				BDBC80C82DF81927006B4E48 /* CommonAccessibility in Frameworks */,
				BDE012F62DE1A0FC000DFC88 /* ViewInspector in Frameworks */,
			);
			runOnlyForDeploymentPostprocessing = 0;
		};
		BDA066712DC6311100A807CD /* Frameworks */ = {
			isa = PBXFrameworksBuildPhase;
			buildActionMask = 2147483647;
			files = (
				BDBC80C62DF8185E006B4E48 /* CommonAccessibility in Frameworks */,
				BDFDDB8E2DF6C36500FD1B6E /* CommonAccessibility in Frameworks */,
			);
			runOnlyForDeploymentPostprocessing = 0;
		};
		BDCC79622DE4C32800E57D53 /* Frameworks */ = {
			isa = PBXFrameworksBuildPhase;
			buildActionMask = 2147483647;
			files = (
				BDBC80CA2DF81930006B4E48 /* CommonAccessibility in Frameworks */,
			);
			runOnlyForDeploymentPostprocessing = 0;
		};
/* End PBXFrameworksBuildPhase section */

/* Begin PBXGroup section */
		BDA0666B2DC6311100A807CD = {
			isa = PBXGroup;
			children = (
				BDBC80C22DF6F12F006B4E48 /* LoginDemoTestPlan.xctestplan */,
				BDA066762DC6311100A807CD /* LoginDemo.SwiftUI */,
				BD42C3E32DD50C700035B547 /* LoginDemo.SwiftUITests */,
				BDCC79662DE4C32800E57D53 /* LoginDemo.SwiftUIUITests */,
				BDA066752DC6311100A807CD /* Products */,
				BD42D24B2DD3069E00059F07 /* LICENSE.md */,
				BD42D24C2DD3069E00059F07 /* logo-logindemo-app.png */,
				BD42D24D2DD3069E00059F07 /* README.md */,
				BDFDDBF52DF6C61E00FD1B6E /* Frameworks */,
			);
			sourceTree = "<group>";
		};
		BDA066752DC6311100A807CD /* Products */ = {
			isa = PBXGroup;
			children = (
				BDA066742DC6311100A807CD /* LoginDemo.SwiftUI.app */,
				BD42C3E22DD50C700035B547 /* LoginDemo.SwiftUITests.xctest */,
				BDCC79652DE4C32800E57D53 /* LoginDemo.SwiftUIUITests.xctest */,
			);
			name = Products;
			sourceTree = "<group>";
		};
		BDFDDBF52DF6C61E00FD1B6E /* Frameworks */ = {
			isa = PBXGroup;
			children = (
			);
			name = Frameworks;
			sourceTree = "<group>";
		};
/* End PBXGroup section */

/* Begin PBXNativeTarget section */
		BD42C3E12DD50C700035B547 /* LoginDemo.SwiftUITests */ = {
			isa = PBXNativeTarget;
			buildConfigurationList = BD42C3E82DD50C700035B547 /* Build configuration list for PBXNativeTarget "LoginDemo.SwiftUITests" */;
			buildPhases = (
				BD42C3DE2DD50C700035B547 /* Sources */,
				BD42C3DF2DD50C700035B547 /* Frameworks */,
				BD42C3E02DD50C700035B547 /* Resources */,
			);
			buildRules = (
			);
			dependencies = (
				BD42C3E72DD50C700035B547 /* PBXTargetDependency */,
			);
			fileSystemSynchronizedGroups = (
				BD42C3E32DD50C700035B547 /* LoginDemo.SwiftUITests */,
			);
			name = LoginDemo.SwiftUITests;
			packageProductDependencies = (
				BDE012F52DE1A0FC000DFC88 /* ViewInspector */,
				BDBC80C72DF81927006B4E48 /* CommonAccessibility */,
			);
			productName = LoginDemo.SwiftUITests;
			productReference = BD42C3E22DD50C700035B547 /* LoginDemo.SwiftUITests.xctest */;
			productType = "com.apple.product-type.bundle.unit-test";
		};
		BDA066732DC6311100A807CD /* LoginDemo.SwiftUI */ = {
			isa = PBXNativeTarget;
			buildConfigurationList = BDA066982DC6311500A807CD /* Build configuration list for PBXNativeTarget "LoginDemo.SwiftUI" */;
			buildPhases = (
				BDA066702DC6311100A807CD /* Sources */,
				BDA066712DC6311100A807CD /* Frameworks */,
				BDA066722DC6311100A807CD /* Resources */,
			);
			buildRules = (
			);
			dependencies = (
			);
			fileSystemSynchronizedGroups = (
				BDA066762DC6311100A807CD /* LoginDemo.SwiftUI */,
			);
			name = LoginDemo.SwiftUI;
			packageProductDependencies = (
				BDFDDB8D2DF6C36500FD1B6E /* CommonAccessibility */,
				BDBC80C52DF8185E006B4E48 /* CommonAccessibility */,
			);
			productName = LoginDemo.SwiftUI;
			productReference = BDA066742DC6311100A807CD /* LoginDemo.SwiftUI.app */;
			productType = "com.apple.product-type.application";
		};
		BDCC79642DE4C32800E57D53 /* LoginDemo.SwiftUIUITests */ = {
			isa = PBXNativeTarget;
			buildConfigurationList = BDCC796F2DE4C32800E57D53 /* Build configuration list for PBXNativeTarget "LoginDemo.SwiftUIUITests" */;
			buildPhases = (
				BDCC79612DE4C32800E57D53 /* Sources */,
				BDCC79622DE4C32800E57D53 /* Frameworks */,
				BDCC79632DE4C32800E57D53 /* Resources */,
			);
			buildRules = (
			);
			dependencies = (
				BDCC796C2DE4C32800E57D53 /* PBXTargetDependency */,
			);
			fileSystemSynchronizedGroups = (
				BDCC79662DE4C32800E57D53 /* LoginDemo.SwiftUIUITests */,
			);
			name = LoginDemo.SwiftUIUITests;
			packageProductDependencies = (
				BDBC80C92DF81930006B4E48 /* CommonAccessibility */,
			);
			productName = LoginDemo.SwiftUIUITests;
			productReference = BDCC79652DE4C32800E57D53 /* LoginDemo.SwiftUIUITests.xctest */;
			productType = "com.apple.product-type.bundle.ui-testing";
		};
/* End PBXNativeTarget section */

/* Begin PBXProject section */
		BDA0666C2DC6311100A807CD /* Project object */ = {
			isa = PBXProject;
			attributes = {
				BuildIndependentTargetsInParallel = 1;
				LastSwiftUpdateCheck = 1630;
				LastUpgradeCheck = 1630;
				TargetAttributes = {
					BD42C3E12DD50C700035B547 = {
						CreatedOnToolsVersion = 16.3;
						TestTargetID = BDA066732DC6311100A807CD;
					};
					BDA066732DC6311100A807CD = {
						CreatedOnToolsVersion = 16.2;
					};
					BDCC79642DE4C32800E57D53 = {
						CreatedOnToolsVersion = 16.3;
						TestTargetID = BDA066732DC6311100A807CD;
					};
				};
			};
			buildConfigurationList = BDA0666F2DC6311100A807CD /* Build configuration list for PBXProject "LoginDemo.SwiftUI" */;
			developmentRegion = en;
			hasScannedForEncodings = 0;
			knownRegions = (
				en,
				Base,
				"en-AU",
				"es-419",
				ja,
			);
			mainGroup = BDA0666B2DC6311100A807CD;
			minimizedProjectReferenceProxies = 1;
			packageReferences = (
				BDE012F42DE1A0FC000DFC88 /* XCRemoteSwiftPackageReference "ViewInspector" */,
				BDBC80C42DF8185E006B4E48 /* XCRemoteSwiftPackageReference "LoginDemoAccessibilityPackage" */,
			);
			preferredProjectObjectVersion = 77;
			productRefGroup = BDA066752DC6311100A807CD /* Products */;
			projectDirPath = "";
			projectRoot = "";
			targets = (
				BDA066732DC6311100A807CD /* LoginDemo.SwiftUI */,
				BD42C3E12DD50C700035B547 /* LoginDemo.SwiftUITests */,
				BDCC79642DE4C32800E57D53 /* LoginDemo.SwiftUIUITests */,
			);
		};
/* End PBXProject section */

/* Begin PBXResourcesBuildPhase section */
		BD42C3E02DD50C700035B547 /* Resources */ = {
			isa = PBXResourcesBuildPhase;
			buildActionMask = 2147483647;
			files = (
			);
			runOnlyForDeploymentPostprocessing = 0;
		};
		BDA066722DC6311100A807CD /* Resources */ = {
			isa = PBXResourcesBuildPhase;
			buildActionMask = 2147483647;
			files = (
				BD42D24E2DD3069E00059F07 /* LICENSE.md in Resources */,
				BD42D24F2DD3069E00059F07 /* logo-logindemo-app.png in Resources */,
				BD42D2502DD3069E00059F07 /* README.md in Resources */,
				BDBC80C32DF6F12F006B4E48 /* LoginDemoTestPlan.xctestplan in Resources */,
			);
			runOnlyForDeploymentPostprocessing = 0;
		};
		BDCC79632DE4C32800E57D53 /* Resources */ = {
			isa = PBXResourcesBuildPhase;
			buildActionMask = 2147483647;
			files = (
			);
			runOnlyForDeploymentPostprocessing = 0;
		};
/* End PBXResourcesBuildPhase section */

/* Begin PBXSourcesBuildPhase section */
		BD42C3DE2DD50C700035B547 /* Sources */ = {
			isa = PBXSourcesBuildPhase;
			buildActionMask = 2147483647;
			files = (
			);
			runOnlyForDeploymentPostprocessing = 0;
		};
		BDA066702DC6311100A807CD /* Sources */ = {
			isa = PBXSourcesBuildPhase;
			buildActionMask = 2147483647;
			files = (
			);
			runOnlyForDeploymentPostprocessing = 0;
		};
		BDCC79612DE4C32800E57D53 /* Sources */ = {
			isa = PBXSourcesBuildPhase;
			buildActionMask = 2147483647;
			files = (
			);
			runOnlyForDeploymentPostprocessing = 0;
		};
/* End PBXSourcesBuildPhase section */

/* Begin PBXTargetDependency section */
		BD42C3E72DD50C700035B547 /* PBXTargetDependency */ = {
			isa = PBXTargetDependency;
			target = BDA066732DC6311100A807CD /* LoginDemo.SwiftUI */;
			targetProxy = BD42C3E62DD50C700035B547 /* PBXContainerItemProxy */;
		};
		BDCC796C2DE4C32800E57D53 /* PBXTargetDependency */ = {
			isa = PBXTargetDependency;
			target = BDA066732DC6311100A807CD /* LoginDemo.SwiftUI */;
			targetProxy = BDCC796B2DE4C32800E57D53 /* PBXContainerItemProxy */;
		};
/* End PBXTargetDependency section */

/* Begin XCBuildConfiguration section */
		BD42C3E92DD50C700035B547 /* Debug */ = {
			isa = XCBuildConfiguration;
			buildSettings = {
				BUNDLE_LOADER = "$(TEST_HOST)";
				CODE_SIGN_STYLE = Automatic;
				CURRENT_PROJECT_VERSION = 1;
				DEVELOPMENT_TEAM = UZ8Z6MM7C2;
				GENERATE_INFOPLIST_FILE = YES;
				IPHONEOS_DEPLOYMENT_TARGET = 18.4;
				MARKETING_VERSION = 1.0;
				PRODUCT_BUNDLE_IDENTIFIER = "com.mogro.LoginDemo-SwiftUITests";
				PRODUCT_NAME = "$(TARGET_NAME)";
				SWIFT_EMIT_LOC_STRINGS = NO;
				SWIFT_VERSION = 5.0;
				TARGETED_DEVICE_FAMILY = "1,2";
				TEST_HOST = "$(BUILT_PRODUCTS_DIR)/LoginDemo.SwiftUI.app/$(BUNDLE_EXECUTABLE_FOLDER_PATH)/LoginDemo.SwiftUI";
			};
			name = Debug;
		};
		BD42C3EA2DD50C700035B547 /* Release */ = {
			isa = XCBuildConfiguration;
			buildSettings = {
				BUNDLE_LOADER = "$(TEST_HOST)";
				CODE_SIGN_STYLE = Automatic;
				CURRENT_PROJECT_VERSION = 1;
				DEVELOPMENT_TEAM = UZ8Z6MM7C2;
				GENERATE_INFOPLIST_FILE = YES;
				IPHONEOS_DEPLOYMENT_TARGET = 18.4;
				MARKETING_VERSION = 1.0;
				PRODUCT_BUNDLE_IDENTIFIER = "com.mogro.LoginDemo-SwiftUITests";
				PRODUCT_NAME = "$(TARGET_NAME)";
				SWIFT_EMIT_LOC_STRINGS = NO;
				SWIFT_VERSION = 5.0;
				TARGETED_DEVICE_FAMILY = "1,2";
				TEST_HOST = "$(BUILT_PRODUCTS_DIR)/LoginDemo.SwiftUI.app/$(BUNDLE_EXECUTABLE_FOLDER_PATH)/LoginDemo.SwiftUI";
			};
			name = Release;
		};
		BDA066962DC6311500A807CD /* Debug */ = {
			isa = XCBuildConfiguration;
			buildSettings = {
				ALWAYS_SEARCH_USER_PATHS = NO;
				ASSETCATALOG_COMPILER_GENERATE_SWIFT_ASSET_SYMBOL_EXTENSIONS = YES;
				CLANG_ANALYZER_NONNULL = YES;
				CLANG_ANALYZER_NUMBER_OBJECT_CONVERSION = YES_AGGRESSIVE;
				CLANG_CXX_LANGUAGE_STANDARD = "gnu++20";
				CLANG_ENABLE_MODULES = YES;
				CLANG_ENABLE_OBJC_ARC = YES;
				CLANG_ENABLE_OBJC_WEAK = YES;
				CLANG_WARN_BLOCK_CAPTURE_AUTORELEASING = YES;
				CLANG_WARN_BOOL_CONVERSION = YES;
				CLANG_WARN_COMMA = YES;
				CLANG_WARN_CONSTANT_CONVERSION = YES;
				CLANG_WARN_DEPRECATED_OBJC_IMPLEMENTATIONS = YES;
				CLANG_WARN_DIRECT_OBJC_ISA_USAGE = YES_ERROR;
				CLANG_WARN_DOCUMENTATION_COMMENTS = YES;
				CLANG_WARN_EMPTY_BODY = YES;
				CLANG_WARN_ENUM_CONVERSION = YES;
				CLANG_WARN_INFINITE_RECURSION = YES;
				CLANG_WARN_INT_CONVERSION = YES;
				CLANG_WARN_NON_LITERAL_NULL_CONVERSION = YES;
				CLANG_WARN_OBJC_IMPLICIT_RETAIN_SELF = YES;
				CLANG_WARN_OBJC_LITERAL_CONVERSION = YES;
				CLANG_WARN_OBJC_ROOT_CLASS = YES_ERROR;
				CLANG_WARN_QUOTED_INCLUDE_IN_FRAMEWORK_HEADER = YES;
				CLANG_WARN_RANGE_LOOP_ANALYSIS = YES;
				CLANG_WARN_STRICT_PROTOTYPES = YES;
				CLANG_WARN_SUSPICIOUS_MOVE = YES;
				CLANG_WARN_UNGUARDED_AVAILABILITY = YES_AGGRESSIVE;
				CLANG_WARN_UNREACHABLE_CODE = YES;
				CLANG_WARN__DUPLICATE_METHOD_MATCH = YES;
				COPY_PHASE_STRIP = NO;
				DEBUG_INFORMATION_FORMAT = dwarf;
				DEVELOPMENT_TEAM = UZ8Z6MM7C2;
				ENABLE_STRICT_OBJC_MSGSEND = YES;
				ENABLE_TESTABILITY = YES;
				ENABLE_USER_SCRIPT_SANDBOXING = YES;
				GCC_C_LANGUAGE_STANDARD = gnu17;
				GCC_DYNAMIC_NO_PIC = NO;
				GCC_NO_COMMON_BLOCKS = YES;
				GCC_OPTIMIZATION_LEVEL = 0;
				GCC_PREPROCESSOR_DEFINITIONS = (
					"DEBUG=1",
					"$(inherited)",
				);
				GCC_WARN_64_TO_32_BIT_CONVERSION = YES;
				GCC_WARN_ABOUT_RETURN_TYPE = YES_ERROR;
				GCC_WARN_UNDECLARED_SELECTOR = YES;
				GCC_WARN_UNINITIALIZED_AUTOS = YES_AGGRESSIVE;
				GCC_WARN_UNUSED_FUNCTION = YES;
				GCC_WARN_UNUSED_VARIABLE = YES;
				IPHONEOS_DEPLOYMENT_TARGET = 18.2;
				LOCALIZATION_PREFERS_STRING_CATALOGS = YES;
				MTL_ENABLE_DEBUG_INFO = INCLUDE_SOURCE;
				MTL_FAST_MATH = YES;
				ONLY_ACTIVE_ARCH = YES;
				SDKROOT = iphoneos;
				SWIFT_ACTIVE_COMPILATION_CONDITIONS = "DEBUG $(inherited)";
				SWIFT_OPTIMIZATION_LEVEL = "-Onone";
			};
			name = Debug;
		};
		BDA066972DC6311500A807CD /* Release */ = {
			isa = XCBuildConfiguration;
			buildSettings = {
				ALWAYS_SEARCH_USER_PATHS = NO;
				ASSETCATALOG_COMPILER_GENERATE_SWIFT_ASSET_SYMBOL_EXTENSIONS = YES;
				CLANG_ANALYZER_NONNULL = YES;
				CLANG_ANALYZER_NUMBER_OBJECT_CONVERSION = YES_AGGRESSIVE;
				CLANG_CXX_LANGUAGE_STANDARD = "gnu++20";
				CLANG_ENABLE_MODULES = YES;
				CLANG_ENABLE_OBJC_ARC = YES;
				CLANG_ENABLE_OBJC_WEAK = YES;
				CLANG_WARN_BLOCK_CAPTURE_AUTORELEASING = YES;
				CLANG_WARN_BOOL_CONVERSION = YES;
				CLANG_WARN_COMMA = YES;
				CLANG_WARN_CONSTANT_CONVERSION = YES;
				CLANG_WARN_DEPRECATED_OBJC_IMPLEMENTATIONS = YES;
				CLANG_WARN_DIRECT_OBJC_ISA_USAGE = YES_ERROR;
				CLANG_WARN_DOCUMENTATION_COMMENTS = YES;
				CLANG_WARN_EMPTY_BODY = YES;
				CLANG_WARN_ENUM_CONVERSION = YES;
				CLANG_WARN_INFINITE_RECURSION = YES;
				CLANG_WARN_INT_CONVERSION = YES;
				CLANG_WARN_NON_LITERAL_NULL_CONVERSION = YES;
				CLANG_WARN_OBJC_IMPLICIT_RETAIN_SELF = YES;
				CLANG_WARN_OBJC_LITERAL_CONVERSION = YES;
				CLANG_WARN_OBJC_ROOT_CLASS = YES_ERROR;
				CLANG_WARN_QUOTED_INCLUDE_IN_FRAMEWORK_HEADER = YES;
				CLANG_WARN_RANGE_LOOP_ANALYSIS = YES;
				CLANG_WARN_STRICT_PROTOTYPES = YES;
				CLANG_WARN_SUSPICIOUS_MOVE = YES;
				CLANG_WARN_UNGUARDED_AVAILABILITY = YES_AGGRESSIVE;
				CLANG_WARN_UNREACHABLE_CODE = YES;
				CLANG_WARN__DUPLICATE_METHOD_MATCH = YES;
				COPY_PHASE_STRIP = NO;
				DEBUG_INFORMATION_FORMAT = "dwarf-with-dsym";
				DEVELOPMENT_TEAM = UZ8Z6MM7C2;
				ENABLE_NS_ASSERTIONS = NO;
				ENABLE_STRICT_OBJC_MSGSEND = YES;
				ENABLE_USER_SCRIPT_SANDBOXING = YES;
				GCC_C_LANGUAGE_STANDARD = gnu17;
				GCC_NO_COMMON_BLOCKS = YES;
				GCC_WARN_64_TO_32_BIT_CONVERSION = YES;
				GCC_WARN_ABOUT_RETURN_TYPE = YES_ERROR;
				GCC_WARN_UNDECLARED_SELECTOR = YES;
				GCC_WARN_UNINITIALIZED_AUTOS = YES_AGGRESSIVE;
				GCC_WARN_UNUSED_FUNCTION = YES;
				GCC_WARN_UNUSED_VARIABLE = YES;
				IPHONEOS_DEPLOYMENT_TARGET = 18.2;
				LOCALIZATION_PREFERS_STRING_CATALOGS = YES;
				MTL_ENABLE_DEBUG_INFO = NO;
				MTL_FAST_MATH = YES;
				SDKROOT = iphoneos;
				SWIFT_COMPILATION_MODE = wholemodule;
				VALIDATE_PRODUCT = YES;
			};
			name = Release;
		};
		BDA066992DC6311500A807CD /* Debug */ = {
			isa = XCBuildConfiguration;
			buildSettings = {
				ASSETCATALOG_COMPILER_APPICON_NAME = AppIcon;
				ASSETCATALOG_COMPILER_GLOBAL_ACCENT_COLOR_NAME = AccentColor;
				CODE_SIGN_STYLE = Automatic;
				CURRENT_PROJECT_VERSION = 1;
				DEVELOPMENT_ASSET_PATHS = "\"LoginDemo.SwiftUI/Preview Content\"";
				ENABLE_PREVIEWS = YES;
				GENERATE_INFOPLIST_FILE = YES;
				INFOPLIST_KEY_UIApplicationSceneManifest_Generation = YES;
				INFOPLIST_KEY_UIApplicationSupportsIndirectInputEvents = YES;
				INFOPLIST_KEY_UILaunchScreen_Generation = YES;
				INFOPLIST_KEY_UILaunchStoryboardName = LaunchScreen.storyboard;
				INFOPLIST_KEY_UISupportedInterfaceOrientations = "UIInterfaceOrientationLandscapeLeft UIInterfaceOrientationLandscapeRight UIInterfaceOrientationPortrait UIInterfaceOrientationPortraitUpsideDown";
				LD_RUNPATH_SEARCH_PATHS = (
					"$(inherited)",
					"@executable_path/Frameworks",
				);
				MARKETING_VERSION = 1.0;
				PRODUCT_BUNDLE_IDENTIFIER = "com.mogro.LoginDemo-SwiftUI";
				PRODUCT_NAME = "$(TARGET_NAME)";
				SWIFT_EMIT_LOC_STRINGS = YES;
				SWIFT_VERSION = 5.0;
				TARGETED_DEVICE_FAMILY = "1,2";
			};
			name = Debug;
		};
		BDA0669A2DC6311500A807CD /* Release */ = {
			isa = XCBuildConfiguration;
			buildSettings = {
				ASSETCATALOG_COMPILER_APPICON_NAME = AppIcon;
				ASSETCATALOG_COMPILER_GLOBAL_ACCENT_COLOR_NAME = AccentColor;
				CODE_SIGN_STYLE = Automatic;
				CURRENT_PROJECT_VERSION = 1;
				DEVELOPMENT_ASSET_PATHS = "\"LoginDemo.SwiftUI/Preview Content\"";
				ENABLE_PREVIEWS = YES;
				GENERATE_INFOPLIST_FILE = YES;
				INFOPLIST_KEY_UIApplicationSceneManifest_Generation = YES;
				INFOPLIST_KEY_UIApplicationSupportsIndirectInputEvents = YES;
				INFOPLIST_KEY_UILaunchScreen_Generation = YES;
				INFOPLIST_KEY_UILaunchStoryboardName = LaunchScreen.storyboard;
				INFOPLIST_KEY_UISupportedInterfaceOrientations = "UIInterfaceOrientationLandscapeLeft UIInterfaceOrientationLandscapeRight UIInterfaceOrientationPortrait UIInterfaceOrientationPortraitUpsideDown";
				LD_RUNPATH_SEARCH_PATHS = (
					"$(inherited)",
					"@executable_path/Frameworks",
				);
				MARKETING_VERSION = 1.0;
				PRODUCT_BUNDLE_IDENTIFIER = "com.mogro.LoginDemo-SwiftUI";
				PRODUCT_NAME = "$(TARGET_NAME)";
				SWIFT_EMIT_LOC_STRINGS = YES;
				SWIFT_VERSION = 5.0;
				TARGETED_DEVICE_FAMILY = "1,2";
			};
			name = Release;
		};
		BDCC796D2DE4C32800E57D53 /* Debug */ = {
			isa = XCBuildConfiguration;
			buildSettings = {
				CODE_SIGN_STYLE = Automatic;
				CURRENT_PROJECT_VERSION = 1;
				DEVELOPMENT_TEAM = UZ8Z6MM7C2;
				GENERATE_INFOPLIST_FILE = YES;
				IPHONEOS_DEPLOYMENT_TARGET = 18.4;
				MARKETING_VERSION = 1.0;
				PRODUCT_BUNDLE_IDENTIFIER = "com.mogro.LoginDemo-SwiftUIUITests";
				PRODUCT_NAME = "$(TARGET_NAME)";
				SWIFT_EMIT_LOC_STRINGS = NO;
				SWIFT_VERSION = 5.0;
				TARGETED_DEVICE_FAMILY = "1,2";
				TEST_TARGET_NAME = LoginDemo.SwiftUI;
			};
			name = Debug;
		};
		BDCC796E2DE4C32800E57D53 /* Release */ = {
			isa = XCBuildConfiguration;
			buildSettings = {
				CODE_SIGN_STYLE = Automatic;
				CURRENT_PROJECT_VERSION = 1;
				DEVELOPMENT_TEAM = UZ8Z6MM7C2;
				GENERATE_INFOPLIST_FILE = YES;
				IPHONEOS_DEPLOYMENT_TARGET = 18.4;
				MARKETING_VERSION = 1.0;
				PRODUCT_BUNDLE_IDENTIFIER = "com.mogro.LoginDemo-SwiftUIUITests";
				PRODUCT_NAME = "$(TARGET_NAME)";
				SWIFT_EMIT_LOC_STRINGS = NO;
				SWIFT_VERSION = 5.0;
				TARGETED_DEVICE_FAMILY = "1,2";
				TEST_TARGET_NAME = LoginDemo.SwiftUI;
			};
			name = Release;
		};
/* End XCBuildConfiguration section */

/* Begin XCConfigurationList section */
		BD42C3E82DD50C700035B547 /* Build configuration list for PBXNativeTarget "LoginDemo.SwiftUITests" */ = {
			isa = XCConfigurationList;
			buildConfigurations = (
				BD42C3E92DD50C700035B547 /* Debug */,
				BD42C3EA2DD50C700035B547 /* Release */,
			);
			defaultConfigurationIsVisible = 0;
			defaultConfigurationName = Release;
		};
		BDA0666F2DC6311100A807CD /* Build configuration list for PBXProject "LoginDemo.SwiftUI" */ = {
			isa = XCConfigurationList;
			buildConfigurations = (
				BDA066962DC6311500A807CD /* Debug */,
				BDA066972DC6311500A807CD /* Release */,
			);
			defaultConfigurationIsVisible = 0;
			defaultConfigurationName = Release;
		};
		BDA066982DC6311500A807CD /* Build configuration list for PBXNativeTarget "LoginDemo.SwiftUI" */ = {
			isa = XCConfigurationList;
			buildConfigurations = (
				BDA066992DC6311500A807CD /* Debug */,
				BDA0669A2DC6311500A807CD /* Release */,
			);
			defaultConfigurationIsVisible = 0;
			defaultConfigurationName = Release;
		};
		BDCC796F2DE4C32800E57D53 /* Build configuration list for PBXNativeTarget "LoginDemo.SwiftUIUITests" */ = {
			isa = XCConfigurationList;
			buildConfigurations = (
				BDCC796D2DE4C32800E57D53 /* Debug */,
				BDCC796E2DE4C32800E57D53 /* Release */,
			);
			defaultConfigurationIsVisible = 0;
			defaultConfigurationName = Release;
		};
/* End XCConfigurationList section */

/* Begin XCRemoteSwiftPackageReference section */
		BDBC80C42DF8185E006B4E48 /* XCRemoteSwiftPackageReference "LoginDemoAccessibilityPackage" */ = {
			isa = XCRemoteSwiftPackageReference;
			repositoryURL = "https://github.com/marcelomogrovejo/LoginDemoAccessibilityPackage.git";
			requirement = {
				kind = exactVersion;
				version = 1.0.0;
			};
		};
		BDE012F42DE1A0FC000DFC88 /* XCRemoteSwiftPackageReference "ViewInspector" */ = {
			isa = XCRemoteSwiftPackageReference;
			repositoryURL = "https://github.com/nalexn/ViewInspector";
			requirement = {
				kind = upToNextMajorVersion;
				minimumVersion = 0.10.1;
			};
		};
/* End XCRemoteSwiftPackageReference section */

/* Begin XCSwiftPackageProductDependency section */
		BDBC80C52DF8185E006B4E48 /* CommonAccessibility */ = {
			isa = XCSwiftPackageProductDependency;
			package = BDBC80C42DF8185E006B4E48 /* XCRemoteSwiftPackageReference "LoginDemoAccessibilityPackage" */;
			productName = CommonAccessibility;
		};
		BDBC80C72DF81927006B4E48 /* CommonAccessibility */ = {
			isa = XCSwiftPackageProductDependency;
			package = BDBC80C42DF8185E006B4E48 /* XCRemoteSwiftPackageReference "LoginDemoAccessibilityPackage" */;
			productName = CommonAccessibility;
		};
		BDBC80C92DF81930006B4E48 /* CommonAccessibility */ = {
			isa = XCSwiftPackageProductDependency;
			package = BDBC80C42DF8185E006B4E48 /* XCRemoteSwiftPackageReference "LoginDemoAccessibilityPackage" */;
			productName = CommonAccessibility;
		};
		BDE012F52DE1A0FC000DFC88 /* ViewInspector */ = {
			isa = XCSwiftPackageProductDependency;
			package = BDE012F42DE1A0FC000DFC88 /* XCRemoteSwiftPackageReference "ViewInspector" */;
			productName = ViewInspector;
		};
		BDFDDB8D2DF6C36500FD1B6E /* CommonAccessibility */ = {
			isa = XCSwiftPackageProductDependency;
			productName = CommonAccessibility;
		};
/* End XCSwiftPackageProductDependency section */
	};
	rootObject = BDA0666C2DC6311100A807CD /* Project object */;
}
